{
  "name": "zkauth-zokratesjs",
  "version": "0.0.1",
  "lockfileVersion": 3,
  "requires": true,
  "packages": {
    "": {
      "name": "zkauth-zokratesjs",
      "version": "0.0.1",
      "license": "MIT",
      "dependencies": {
        "pako": "^2.1.0",
        "zokrates-js": "^1.1.9"
      },
      "devDependencies": {}
    },
    "node_modules/pako": {
      "version": "2.1.0",
      "resolved": "https://registry.npmjs.org/pako/-/pako-2.1.0.tgz",
      "integrity": "sha512-w+eufiZ1WuJYgPXbV/PO3NCMEc3xqylkKHzp8bxp1uW4qaSNQUkwmLLEc3kKsfz8lpV1F8Ht3U1Cm+9Srog2ug=="
    },
    "node_modules/zokrates-js": {
      "version": "1.1.9",
      "resolved": "https://registry.npmjs.org/zokrates-js/-/zokrates-js-1.1.9.tgz",
      "integrity": "sha512-Z5GyrSkV2SzeB/Im2jV6z4LokRAY+G4O8U81zdgjHpgm62p1XLEfiCjkAIrkHDLGij/EH/ETlHpZtoRYYoSp7g==",
      "dependencies": {
        "pako": "^2.1.0"
      }
    }
  }
}
